
Microsoft Visual Studio Solution File, Format Version 12.00
# Visual Studio Version 17
VisualStudioVersion = 17.2.32630.192
MinimumVisualStudioVersion = 10.0.40219.1
Project("{9A19103F-16F7-4668-BE54-9A1E7A4F7556}") = "Questionnaire", "Questionnaire\Questionnaire.csproj", "{989A57D0-EE15-47D3-B8DE-304152E8709A}"
EndProject
Project("{FAE04EC0-301F-11D3-BF4B-00C04F79EFBC}") = "Calculator", "Calculator\Calculator.csproj", "{CED2F4F1-8C8B-41B5-BF31-E6299FCF237C}"
EndProject
Global
	GlobalSection(SolutionConfigurationPlatforms) = preSolution
		Debug|Any CPU = Debug|Any CPU
		Release|Any CPU = Release|Any CPU
	EndGlobalSection
	GlobalSection(ProjectConfigurationPlatforms) = postSolution
		{989A57D0-EE15-47D3-B8DE-304152E8709A}.Debug|Any CPU.ActiveCfg = Debug|Any CPU
		{989A57D0-EE15-47D3-B8DE-304152E8709A}.Debug|Any CPU.Build.0 = Debug|Any CPU
		{989A57D0-EE15-47D3-B8DE-304152E8709A}.Release|Any CPU.ActiveCfg = Release|Any CPU
		{989A57D0-EE15-47D3-B8DE-304152E8709A}.Release|Any CPU.Build.0 = Release|Any CPU
		{CED2F4F1-8C8B-41B5-BF31-E6299FCF237C}.Debug|Any CPU.ActiveCfg = Debug|Any CPU
		{CED2F4F1-8C8B-41B5-BF31-E6299FCF237C}.Debug|Any CPU.Build.0 = Debug|Any CPU
		{CED2F4F1-8C8B-41B5-BF31-E6299FCF237C}.Release|Any CPU.ActiveCfg = Release|Any CPU
		{CED2F4F1-8C8B-41B5-BF31-E6299FCF237C}.Release|Any CPU.Build.0 = Release|Any CPU
	EndGlobalSection
	GlobalSection(SolutionProperties) = preSolution
		HideSolutionNode = FALSE
	EndGlobalSection
	GlobalSection(ExtensibilityGlobals) = postSolution
		SolutionGuid = {BC9A9208-92BB-46CC-A313-0D3004244EC9}
	EndGlobalSection
EndGlobal
